
Microsoft Visual Studio Solution File, Format Version 12.00
# Visual Studio Version 17
VisualStudioVersion = 17.8.34408.163
MinimumVisualStudioVersion = 10.0.40219.1
Project("{FAE04EC0-301F-11D3-BF4B-00C04F79EFBC}") = "HW3_cgroup64", "HW3_cgroup64\HW3_cgroup64.csproj", "{0FC56173-172A-47A5-95AF-62F6C0FDF66C}"
EndProject
Global
	GlobalSection(SolutionConfigurationPlatforms) = preSolution
		Debug|Any CPU = Debug|Any CPU
		Release|Any CPU = Release|Any CPU
	EndGlobalSection
	GlobalSection(ProjectConfigurationPlatforms) = postSolution
		{0FC56173-172A-47A5-95AF-62F6C0FDF66C}.Debug|Any CPU.ActiveCfg = Debug|Any CPU
		{0FC56173-172A-47A5-95AF-62F6C0FDF66C}.Debug|Any CPU.Build.0 = Debug|Any CPU
		{0FC56173-172A-47A5-95AF-62F6C0FDF66C}.Release|Any CPU.ActiveCfg = Release|Any CPU
		{0FC56173-172A-47A5-95AF-62F6C0FDF66C}.Release|Any CPU.Build.0 = Release|Any CPU
	EndGlobalSection
	GlobalSection(SolutionProperties) = preSolution
		HideSolutionNode = FALSE
	EndGlobalSection
	GlobalSection(ExtensibilityGlobals) = postSolution
		SolutionGuid = {B60B2FD4-FA12-48D3-BEBB-F68FDBE00A26}
	EndGlobalSection
EndGlobal
